<Project xmlns="http://schemas.microsoft.com/developer/msbuild/2003">
    <PropertyGroup>
        <ProjectGuid>{CB8BC194-480A-4B90-86EC-799563F3F985}</ProjectGuid>
        <MainSource>whDSP.dpr</MainSource>
        <Base>True</Base>
        <Config Condition="'$(Config)'==''">Release</Config>
        <AppType>Application</AppType>
        <FrameworkType>None</FrameworkType>
        <DCC_DCCCompiler>DCC32</DCC_DCCCompiler>
        <ProjectVersion>15.3</ProjectVersion>
        <Platform Condition="'$(Platform)'==''">Win32</Platform>
        <TargetedPlatforms>1</TargetedPlatforms>
    </PropertyGroup>
    <PropertyGroup Condition="'$(Config)'=='Base' or '$(Base)'!=''">
        <Base>true</Base>
    </PropertyGroup>
    <PropertyGroup Condition="('$(Platform)'=='Win32' and '$(Base)'=='true') or '$(Base_Win32)'!=''">
        <Base_Win32>true</Base_Win32>
        <CfgParent>Base</CfgParent>
        <Base>true</Base>
    </PropertyGroup>
    <PropertyGroup Condition="'$(Config)'=='Release' or '$(Cfg_1)'!=''">
        <Cfg_1>true</Cfg_1>
        <CfgParent>Base</CfgParent>
        <Base>true</Base>
    </PropertyGroup>
    <PropertyGroup Condition="('$(Platform)'=='Win32' and '$(Cfg_1)'=='true') or '$(Cfg_1_Win32)'!=''">
        <Cfg_1_Win32>true</Cfg_1_Win32>
        <CfgParent>Cfg_1</CfgParent>
        <Cfg_1>true</Cfg_1>
        <Base>true</Base>
    </PropertyGroup>
    <PropertyGroup Condition="'$(Config)'=='Debug' or '$(Cfg_2)'!=''">
        <Cfg_2>true</Cfg_2>
        <CfgParent>Base</CfgParent>
        <Base>true</Base>
    </PropertyGroup>
    <PropertyGroup Condition="('$(Platform)'=='Win32' and '$(Cfg_2)'=='true') or '$(Cfg_2_Win32)'!=''">
        <Cfg_2_Win32>true</Cfg_2_Win32>
        <CfgParent>Cfg_2</CfgParent>
        <Cfg_2>true</Cfg_2>
        <Base>true</Base>
    </PropertyGroup>
    <PropertyGroup Condition="'$(Base)'!=''">
        <Icon_MainIcon>DSPICON.ICO</Icon_MainIcon>
        <Manifest_File>$(BDS)\bin\default_app.manifest</Manifest_File>
        <VerInfo_Build>59</VerInfo_Build>
        <DCC_Namespace>System;Xml;Data;Datasnap;Web;Soap;Winapi;Vcl;Vcl.Samples;Bde;$(DCC_Namespace)</DCC_Namespace>
        <VerInfo_AutoGenVersion>true</VerInfo_AutoGenVersion>
        <VerInfo_MinorVer>5</VerInfo_MinorVer>
        <VerInfo_MajorVer>3</VerInfo_MajorVer>
        <VerInfo_Locale>1033</VerInfo_Locale>
        <VerInfo_Debug>true</VerInfo_Debug>
        <VerInfo_PreRelease>true</VerInfo_PreRelease>
        <VerInfo_IncludeVerInfo>true</VerInfo_IncludeVerInfo>
        <VerInfo_Keys>CompanyName=HREF Tools Corp.;FileDescription=;FileVersion=3.5.0.59;InternalName=;LegalCopyright=;LegalTrademarks=;OriginalFilename=;ProductName=;ProductVersion=1.0.0.0;Comments=</VerInfo_Keys>
        <DCC_ImageBase>00400000</DCC_ImageBase>
        <DCC_UnitSearchPath>K:\Vendors\Raize\CodeSite5\Lib\RS-XE5\Win32;h:\;k:\Rubicon\Source;k:\Rubicon\Source\Inc;h:\dcu_d19_win32;$(DCC_UnitSearchPath)</DCC_UnitSearchPath>
        <DCC_MapFile>3</DCC_MapFile>
        <DCC_WriteableConstants>true</DCC_WriteableConstants>
        <DCC_UsePackage>Vcl;Vclx;Vcldb;$(DCC_UsePackage)</DCC_UsePackage>
        <DCC_SYMBOL_PLATFORM>false</DCC_SYMBOL_PLATFORM>
        <DCC_ExeOutput>D:\Projects\WebHub Demos\Live\WebHub\Apps</DCC_ExeOutput>
        <DCC_Define>PREVENTSVCMGR;WEBHUBACE;$(DCC_Define)</DCC_Define>
        <DebugSourcePath>k:\webhub\lib\whvcl\;$(DebugSourcePath)</DebugSourcePath>
        <DCC_F>false</DCC_F>
        <DCC_E>false</DCC_E>
        <DCC_K>false</DCC_K>
        <DCC_S>false</DCC_S>
        <DCC_N>true</DCC_N>
        <DCC_UNIT_PLATFORM>false</DCC_UNIT_PLATFORM>
        <DCC_SymbolReferenceInfo>0</DCC_SymbolReferenceInfo>
        <DCC_DcuOutput>d:\temp\DelphiTempDCU</DCC_DcuOutput>
        <DCC_IntegerOverflowCheck>true</DCC_IntegerOverflowCheck>
        <DCC_AssertionsAtRuntime>false</DCC_AssertionsAtRuntime>
    </PropertyGroup>
    <PropertyGroup Condition="'$(Base_Win32)'!=''">
        <Manifest_File>$(BDS)\bin\default_app.manifest</Manifest_File>
        <VerInfo_Locale>1033</VerInfo_Locale>
        <DCC_Namespace>System.Win;Data.Win;Datasnap.Win;Web.Win;Soap.Win;Xml.Win;$(DCC_Namespace)</DCC_Namespace>
        <Debugger_RunParams>/LogInfox /xNoDatabase /debug</Debugger_RunParams>
        <VerInfo_Keys>CompanyName=;FileDescription=;FileVersion=1.0.0.0;InternalName=;LegalCopyright=;LegalTrademarks=;OriginalFilename=;ProductName=;ProductVersion=1.0.0.0;Comments=</VerInfo_Keys>
        <VerInfo_IncludeVerInfo>true</VerInfo_IncludeVerInfo>
    </PropertyGroup>
    <PropertyGroup Condition="'$(Cfg_1)'!=''">
        <DCC_ExeOutput>D:\Projects\WebHubDemos\Live\WebHub\Apps</DCC_ExeOutput>
        <DCC_Define>RELEASE;EUREKALOG;EUREKALOG_VER6;$(DCC_Define)</DCC_Define>
        <DCC_LocalDebugSymbols>false</DCC_LocalDebugSymbols>
    </PropertyGroup>
    <PropertyGroup Condition="'$(Cfg_1_Win32)'!=''">
        <VerInfo_Build>0</VerInfo_Build>
        <VerInfo_Keys>CompanyName=;FileDescription=;FileVersion=1.0.0.0;InternalName=;LegalCopyright=;LegalTrademarks=;OriginalFilename=;ProductName=;ProductVersion=1.0.0.0;Comments=</VerInfo_Keys>
        <VerInfo_MinorVer>0</VerInfo_MinorVer>
        <VerInfo_MajorVer>1</VerInfo_MajorVer>
    </PropertyGroup>
    <PropertyGroup Condition="'$(Cfg_2)'!=''">
        <DCC_ExeOutput>D:\Projects\webhubdemos\Live\WebHub\Apps</DCC_ExeOutput>
        <DCC_Optimize>false</DCC_Optimize>
        <DCC_Define>DEBUG;$(DCC_Define)</DCC_Define>
        <DCC_GenerateStackFrames>true</DCC_GenerateStackFrames>
        <DCC_UnitSearchPath>K:\webhub\lib;K:\webhub\lib\whvcl;K:\webhub\lib\whplus;K:\webhub\lib\whplus\cc;K:\webhub\lib\whdb;K:\webhub\tpack;K:\webhub\lib\wheditors;K:\webhub\lib\whrun;k:\webhub\zaphodsmap;k:\webhub\regex;K:\webhub\regex\Pcre-Delphi-Win32-bcc6;K:\Vendors\Raize\CodeSite4\Source\VCL\Indy;K:\Vendors\Raize\CodeSite4\Source\VCL;$(DCC_UnitSearchPath)</DCC_UnitSearchPath>
    </PropertyGroup>
    <PropertyGroup Condition="'$(Cfg_2_Win32)'!=''">
        <VerInfo_MinorVer>0</VerInfo_MinorVer>
        <VerInfo_MajorVer>1</VerInfo_MajorVer>
        <VerInfo_Build>0</VerInfo_Build>
        <VerInfo_Keys>CompanyName=;FileDescription=;FileVersion=1.0.0.0;InternalName=;LegalCopyright=;LegalTrademarks=;OriginalFilename=;ProductName=;ProductVersion=1.0.0.0;Comments=</VerInfo_Keys>
    </PropertyGroup>
    <ItemGroup>
        <DelphiCompile Include="$(MainSource)">
            <MainSource>MainSource</MainSource>
        </DelphiCompile>
        <DCCReference Include="h:\ucCodeSiteInterface.pas"/>
        <DCCReference Include="h:\MultiTypeApp.pas"/>
        <DCCReference Include="h:\tpProj.pas"/>
        <DCCReference Include="..\..\Common\whdemo_DMProjMgr.pas">
            <Form>DMForWHDemo</Form>
            <DesignClass>TDataModule</DesignClass>
        </DCCReference>
        <DCCReference Include="H:\utMainFm.pas">
            <Form>fmMainForm</Form>
        </DCCReference>
        <DCCReference Include="H:\utPanFrm.pas">
            <Form>utParentForm</Form>
        </DCCReference>
        <DCCReference Include="H:\utTrayFm.pas">
            <Form>fmTrayForm</Form>
        </DCCReference>
        <DCCReference Include="h:\whsample_EvtHandlers.pas">
            <Form>dmWebHubCore</Form>
            <DesignClass>TDataModule</DesignClass>
        </DCCReference>
        <DCCReference Include="h:\dmWHApp.pas">
            <Form>dmWebHubApp</Form>
            <DesignClass>TDataModule</DesignClass>
        </DCCReference>
        <DCCReference Include="h:\whMain.pas">
            <Form>fmWebHubMainForm</Form>
        </DCCReference>
        <DCCReference Include="h:\whHtml.pas">
            <Form>fmAppHTML</Form>
        </DCCReference>
        <DCCReference Include="h:\whAppIn.pas">
            <Form>fmAppIn</Form>
        </DCCReference>
        <DCCReference Include="h:\whAppOut.pas">
            <Form>fmAppOut</Form>
        </DCCReference>
        <DCCReference Include="DSP_dmRubicon.pas">
            <Form>DSPdm</Form>
            <DesignClass>TDataModule</DesignClass>
        </DCCReference>
        <DCCReference Include="DSP_u1.pas"/>
        <DCCReference Include="DSP_fmPanel.pas">
            <Form>fmPanel</Form>
        </DCCReference>
        <DCCReference Include="DSP_fmPanelSearch.pas">
            <Form>fmSearchForm</Form>
        </DCCReference>
        <DCCReference Include="DSP_dmWH1.pas">
            <Form>dmDSPWebSearch</Form>
            <DesignClass>TDataModule</DesignClass>
        </DCCReference>
        <DCCReference Include="htmltext.pas"/>
        <DCCReference Include="H:\webLink.pas"/>
        <DCCReference Include="h:\htWebApp.pas"/>
        <DCCReference Include="DSP_dmDisplayResults.pas">
            <Form>dmDisplayResults</Form>
            <DesignClass>TDataModule</DesignClass>
        </DCCReference>
        <DCCReference Include="H:\whdw_RemotePages.pas">
            <Form>DataModuleDreamWeaver</Form>
            <DesignClass>TDataModule</DesignClass>
        </DCCReference>
        <DCCReference Include="h:\whpanel_RemotePages.pas">
            <Form>fmWhDreamweaver</Form>
        </DCCReference>
        <DCCReference Include="..\..\Common\whdemo_Extensions.pas">
            <Form>DemoExtensions</Form>
            <DesignClass>TDataModule</DesignClass>
        </DCCReference>
        <DCCReference Include="..\..\Common\whdemo_Initialize.pas"/>
        <DCCReference Include="..\..\Common\whdemo_ViewSource.pas">
            <Form>DemoViewSource</Form>
            <DesignClass>TDataModule</DesignClass>
        </DCCReference>
        <DCCReference Include="..\..\Common\whdemo_About.pas">
            <Form>fmAppAboutPanel</Form>
        </DCCReference>
        <DCCReference Include="h:\whcfg_app.pas"/>
        <DCCReference Include="DSP_dmProjMgr.pas">
            <Form>PMForDSP</Form>
            <DesignClass>TDataModule</DesignClass>
        </DCCReference>
        <DCCReference Include="h:\uAutoDataModules.pas"/>
        <DCCReference Include="H:\uAutoPanels.pas"/>
        <DCCReference Include="h:\whsample_GoogleSitemap.pas">
            <Form>fmwhGoogleSitemap</Form>
        </DCCReference>
        <DCCReference Include="k:\webhub\lib\whplus\rubi\webrubi.pas"/>
        <DCCReference Include="K:\WebHub\lib\whplus\webScanKeys.pas"/>
        <DCCReference Include="uDSPFuzziness.pas"/>
        <None Include="K:\WebHub\lib\WebHub_Comms.inc"/>
        <BuildConfiguration Include="Debug">
            <Key>Cfg_2</Key>
            <CfgParent>Base</CfgParent>
        </BuildConfiguration>
        <BuildConfiguration Include="Base">
            <Key>Base</Key>
        </BuildConfiguration>
        <BuildConfiguration Include="Release">
            <Key>Cfg_1</Key>
            <CfgParent>Base</CfgParent>
        </BuildConfiguration>
    </ItemGroup>
    <Import Condition="Exists('$(BDS)\Bin\CodeGear.Delphi.Targets')" Project="$(BDS)\Bin\CodeGear.Delphi.Targets"/>
    <Import Condition="Exists('$(APPDATA)\Embarcadero\$(BDSAPPDATABASEDIR)\$(PRODUCTVERSION)\UserTools.proj')" Project="$(APPDATA)\Embarcadero\$(BDSAPPDATABASEDIR)\$(PRODUCTVERSION)\UserTools.proj"/>
    <ProjectExtensions>
        <Borland.Personality>Delphi.Personality.12</Borland.Personality>
        <Borland.ProjectType>VCLApplication</Borland.ProjectType>
        <BorlandProject>
            <Delphi.Personality>
                <Source>
                    <Source Name="MainSource">whDSP.dpr</Source>
                </Source>
                <Parameters>
                    <Parameters Name="RunParams">/LogInfox /xNoDatabase /debug</Parameters>
                </Parameters>
                <Language>
                    <Language Name="ProjectLang">$00000409</Language>
                </Language>
                <VersionInfo>
                    <VersionInfo Name="IncludeVerInfo">True</VersionInfo>
                    <VersionInfo Name="AutoIncBuild">True</VersionInfo>
                    <VersionInfo Name="MajorVer">3</VersionInfo>
                    <VersionInfo Name="MinorVer">5</VersionInfo>
                    <VersionInfo Name="Release">0</VersionInfo>
                    <VersionInfo Name="Build">63</VersionInfo>
                    <VersionInfo Name="Debug">True</VersionInfo>
                    <VersionInfo Name="PreRelease">True</VersionInfo>
                    <VersionInfo Name="Special">False</VersionInfo>
                    <VersionInfo Name="Private">False</VersionInfo>
                    <VersionInfo Name="DLL">False</VersionInfo>
                    <VersionInfo Name="Locale">1033</VersionInfo>
                    <VersionInfo Name="CodePage">1252</VersionInfo>
                </VersionInfo>
                <VersionInfoKeys>
                    <VersionInfoKeys Name="CompanyName">HREF Tools Corp.</VersionInfoKeys>
                    <VersionInfoKeys Name="FileDescription"/>
                    <VersionInfoKeys Name="FileVersion">3.5.0.63</VersionInfoKeys>
                    <VersionInfoKeys Name="InternalName"/>
                    <VersionInfoKeys Name="LegalCopyright"/>
                    <VersionInfoKeys Name="LegalTrademarks"/>
                    <VersionInfoKeys Name="OriginalFilename"/>
                    <VersionInfoKeys Name="ProductName"/>
                    <VersionInfoKeys Name="ProductVersion">1.0.0.0</VersionInfoKeys>
                    <VersionInfoKeys Name="Comments"/>
                </VersionInfoKeys>
                <Excluded_Packages>
                    <Excluded_Packages Name="$(BDSBIN)\dcloffice2k190.bpl">Microsoft Office 2000 Sample Automation Server Wrapper Components</Excluded_Packages>
                    <Excluded_Packages Name="$(BDSBIN)\dclofficexp190.bpl">Microsoft Office XP Sample Automation Server Wrapper Components</Excluded_Packages>
                    <Excluded_Packages Name="$(BDSBIN)\bcboffice2k190.bpl">Embarcadero C++Builder Office 2000 Servers Package</Excluded_Packages>
                    <Excluded_Packages Name="$(BDSBIN)\bcbofficexp190.bpl">Embarcadero C++Builder Office XP Servers Package</Excluded_Packages>
                </Excluded_Packages>
            </Delphi.Personality>
            <Platforms>
                <Platform value="Win32">True</Platform>
                <Platform value="Win64">False</Platform>
            </Platforms>
        </BorlandProject>
        <ProjectFileVersion>12</ProjectFileVersion>
    </ProjectExtensions>
</Project>

<!-- EurekaLog First Line
[Exception Log]
EurekaLog Version=7007
Activate=0
AutoCloseDialogSecs=8
AutoCrashNumber=20
boCallRTLExceptionEvent=1
boCatchHandledExceptions=1
boHandleSafeCallExceptions=1
boUseMainModuleOptions=1
CompatibilityMode=1
csoAllowedRenderMethods=64
csoDisabledRenderMethods=-2
csoShowWindowsThreads=1
DeleteMapAfterCompile=1
Dialog Class=""
Email Address="techsupport@href.com"
Email Object="WebHub ELF"
Encrypt Password=""
Errors Number=32
Errors Terminate=1
Foreground Tab=0
loAddComputerNameInLogFileName=1
loAppendReproduceText=1
loCatchLeaks=0
loDeleteLogAtVersionChange=1
loEnableMMDebugMode=0
loFreeAllLeaks=1
loHideRTLLeaks=0
loMaxLeaks=1024
loNoDuplicateErrors=1
loOnlyUnderIDE=0
loProcessesSection=1
Output Path=""
SMTP From="info@href.com"
SMTP Host="mail.href.com"
SMTP Password="6GtHuoOaVsdCpzNcMkudy03W8jCze9kvxEW1GbXb9fApY9aWOEmqxnyMn6cD91q"
SMTP UserID="info"
sndScreenshot=0
sndSendInSeparatedThread=1
sndSendLastHTMLPage=0
sndShowSuccessMsg=0
soActCtlsControlClass=1
soActCtlsControlText=1
soActCtlsFormClass=1
soActCtlsFormText=1
soAppCompilationDate=1
soAppName=1
soAppParameters=1
soAppStartDate=1
soAppUpTime=1
soAppVersionNumber=1
soCmpDisplayDPI=1
soCmpDisplayMode=1
soCmpFreeDisk=1
soCmpFreeMemory=1
soCmpName=1
soCmpPrinter=1
soCmpProcessor=1
soCmpSysUpTime=1
soCmpTotalDisk=1
soCmpTotalMemory=1
soCmpVideoCard=1
soCustomData=1
soExcCount=1
soExcDate=1
soExcModuleName=1
soExcModuleVersion=1
soExcNote=1
soExcStatus=1
soNetDHCP=1
soNetDNS1=1
soNetDNS2=1
soNetGateway=1
soNetIP=1
soNetSubmask=1
soOSBuildN=1
soOSCharset=1
soOSLanguage=1
soOSType=1
soOSUpdate=1
soUserCompany=1
soUserID=1
soUserPrivileges=1
TerminateBtn Operation=0
TextsCollection=""
TrakerUser=""
WebPort=0
WebURL=""
EurekaLog Last Line -->
