<Project xmlns="http://schemas.microsoft.com/developer/msbuild/2003">
    <PropertyGroup>
        <ProjectGuid>{39B97A33-CCF9-4102-BF89-FBF75A360921}</ProjectGuid>
        <MainSource>whAsyncDemo.dpr</MainSource>
        <Config Condition="'$(Config)'==''">Debug</Config>
        <DCC_DCCCompiler>DCC32</DCC_DCCCompiler>
        <ProjectVersion>15.2</ProjectVersion>
        <Base>True</Base>
        <AppType>Application</AppType>
        <FrameworkType>None</FrameworkType>
        <Platform Condition="'$(Platform)'==''">Win32</Platform>
        <TargetedPlatforms>1</TargetedPlatforms>
    </PropertyGroup>
    <PropertyGroup Condition="'$(Config)'=='Base' or '$(Base)'!=''">
        <Base>true</Base>
    </PropertyGroup>
    <PropertyGroup Condition="('$(Platform)'=='Win32' and '$(Base)'=='true') or '$(Base_Win32)'!=''">
        <Base_Win32>true</Base_Win32>
        <CfgParent>Base</CfgParent>
        <Base>true</Base>
    </PropertyGroup>
    <PropertyGroup Condition="'$(Config)'=='Release' or '$(Cfg_1)'!=''">
        <Cfg_1>true</Cfg_1>
        <CfgParent>Base</CfgParent>
        <Base>true</Base>
    </PropertyGroup>
    <PropertyGroup Condition="'$(Config)'=='Debug' or '$(Cfg_2)'!=''">
        <Cfg_2>true</Cfg_2>
        <CfgParent>Base</CfgParent>
        <Base>true</Base>
    </PropertyGroup>
    <PropertyGroup Condition="('$(Platform)'=='Win32' and '$(Cfg_2)'=='true') or '$(Cfg_2_Win32)'!=''">
        <Cfg_2_Win32>true</Cfg_2_Win32>
        <CfgParent>Cfg_2</CfgParent>
        <Cfg_2>true</Cfg_2>
        <Base>true</Base>
    </PropertyGroup>
    <PropertyGroup Condition="'$(Base)'!=''">
        <DCC_Namespace>System;Xml;Data;Datasnap;Web;Soap;Winapi;Vcl;$(DCC_Namespace)</DCC_Namespace>
        <VerInfo_Locale>1033</VerInfo_Locale>
        <Manifest_File>$(BDS)\bin\default_app.manifest</Manifest_File>
        <VerInfo_Keys>CompanyName=;FileDescription=;FileVersion=1.0.0.0;InternalName=;LegalCopyright=;LegalTrademarks=;OriginalFilename=;ProductName=;ProductVersion=1.0.0.0;Comments=</VerInfo_Keys>
        <DCC_ExeOutput>D:\Projects\webhubdemos\Live\WebHub\Apps\</DCC_ExeOutput>
        <DCC_Define>PREVENTSVCMGR;WEBHUBACE;CodeSite;$(DCC_Define)</DCC_Define>
        <DCC_DcuOutput>d:\temp\DelphiTempDCU</DCC_DcuOutput>
        <DCC_UnitSearchPath>h:\;h:\dcu_d19_win32\;..\..\Externals\omnithreadlibrary-read-only\src;..\..\Externals\omnithreadlibrary-read-only;K:\Vendors\Raize\CodeSite5\Lib\RS-XE5\Win32;$(DCC_UnitSearchPath)</DCC_UnitSearchPath>
        <DCC_DependencyCheckOutputName>whAsyncDemo.exe</DCC_DependencyCheckOutputName>
        <DCC_ImageBase>00400000</DCC_ImageBase>
        <DCC_Platform>x86</DCC_Platform>
    </PropertyGroup>
    <PropertyGroup Condition="'$(Base_Win32)'!=''">
        <Icon_MainIcon>$(BDS)\bin\delphi_PROJECTICON.ico</Icon_MainIcon>
        <DCC_Namespace>System.Win;Data.Win;Datasnap.Win;Web.Win;Soap.Win;Xml.Win;Bde;$(DCC_Namespace)</DCC_Namespace>
        <VerInfo_IncludeVerInfo>true</VerInfo_IncludeVerInfo>
    </PropertyGroup>
    <PropertyGroup Condition="'$(Cfg_1)'!=''">
        <DCC_LocalDebugSymbols>false</DCC_LocalDebugSymbols>
        <DCC_Define>RELEASE;$(DCC_Define)</DCC_Define>
        <DCC_SymbolReferenceInfo>0</DCC_SymbolReferenceInfo>
        <DCC_DebugInformation>0</DCC_DebugInformation>
    </PropertyGroup>
    <PropertyGroup Condition="'$(Cfg_2)'!=''">
        <DCC_Define>DEBUG;$(DCC_Define)</DCC_Define>
    </PropertyGroup>
    <PropertyGroup Condition="'$(Cfg_2_Win32)'!=''">
        <DCC_Define>Log2CSL;$(DCC_Define)</DCC_Define>
        <DCC_DebugInfoInExe>true</DCC_DebugInfoInExe>
        <VerInfo_IncludeVerInfo>true</VerInfo_IncludeVerInfo>
    </PropertyGroup>
    <ItemGroup>
        <DelphiCompile Include="$(MainSource)">
            <MainSource>MainSource</MainSource>
        </DelphiCompile>
        <DCCReference Include="h:\ucCodeSiteInterface.pas"/>
        <DCCReference Include="h:\MultiTypeApp.pas"/>
        <DCCReference Include="h:\tpProj.pas"/>
        <DCCReference Include="h:\utPanFrm.pas">
            <Form>utParentForm</Form>
        </DCCReference>
        <DCCReference Include="h:\utMainFm.pas">
            <Form>fmMainForm</Form>
        </DCCReference>
        <DCCReference Include="h:\utTrayFm.pas">
            <Form>fmTrayForm</Form>
        </DCCReference>
        <DCCReference Include="..\..\Common\whdemo_Initialize.pas"/>
        <DCCReference Include="..\..\Common\whdemo_About.pas">
            <Form>fmAppAboutPanel</Form>
        </DCCReference>
        <DCCReference Include="..\..\Common\whdemo_Extensions.pas">
            <Form>DemoExtensions</Form>
            <DesignClass>TDataModule</DesignClass>
        </DCCReference>
        <DCCReference Include="..\..\Common\whdemo_ViewSource.pas">
            <Form>DemoViewSource</Form>
            <DesignClass>TDataModule</DesignClass>
        </DCCReference>
        <DCCReference Include="..\..\Common\whdemo_Refresh.pas">
            <Form>dmWhRefresh</Form>
            <DesignClass>TDataModule</DesignClass>
        </DCCReference>
        <DCCReference Include="AsyncDm.pas">
            <Form>dmAsyncDemo</Form>
            <DesignClass>TDataModule</DesignClass>
        </DCCReference>
        <DCCReference Include="SimpleDm.pas">
            <Form>dmSimpleAsync</Form>
        </DCCReference>
        <DCCReference Include="..\..\Common\whdemo_DMProjMgr.pas">
            <Form>DMForWHDemo</Form>
            <DesignClass>TDataModule</DesignClass>
        </DCCReference>
        <DCCReference Include="whAsyncDemo_dmProjMgr.pas">
            <Form>DMForWHAsync</Form>
            <DesignClass>TDataModule</DesignClass>
        </DCCReference>
        <BuildConfiguration Include="Debug">
            <Key>Cfg_2</Key>
            <CfgParent>Base</CfgParent>
        </BuildConfiguration>
        <BuildConfiguration Include="Base">
            <Key>Base</Key>
        </BuildConfiguration>
        <BuildConfiguration Include="Release">
            <Key>Cfg_1</Key>
            <CfgParent>Base</CfgParent>
        </BuildConfiguration>
    </ItemGroup>
    <Import Condition="Exists('$(BDS)\Bin\CodeGear.Delphi.Targets')" Project="$(BDS)\Bin\CodeGear.Delphi.Targets"/>
    <Import Condition="Exists('$(APPDATA)\Embarcadero\$(BDSAPPDATABASEDIR)\$(PRODUCTVERSION)\UserTools.proj')" Project="$(APPDATA)\Embarcadero\$(BDSAPPDATABASEDIR)\$(PRODUCTVERSION)\UserTools.proj"/>
    <ProjectExtensions>
        <Borland.Personality>Delphi.Personality.12</Borland.Personality>
        <Borland.ProjectType>VCLApplication</Borland.ProjectType>
        <BorlandProject>
            <Delphi.Personality>
                <Source>
                    <Source Name="MainSource">whAsyncDemo.dpr</Source>
                </Source>
                <Parameters/>
                <VersionInfo>
                    <VersionInfo Name="IncludeVerInfo">False</VersionInfo>
                    <VersionInfo Name="AutoIncBuild">False</VersionInfo>
                    <VersionInfo Name="MajorVer">1</VersionInfo>
                    <VersionInfo Name="MinorVer">0</VersionInfo>
                    <VersionInfo Name="Release">0</VersionInfo>
                    <VersionInfo Name="Build">0</VersionInfo>
                    <VersionInfo Name="Debug">False</VersionInfo>
                    <VersionInfo Name="PreRelease">False</VersionInfo>
                    <VersionInfo Name="Special">False</VersionInfo>
                    <VersionInfo Name="Private">False</VersionInfo>
                    <VersionInfo Name="DLL">False</VersionInfo>
                    <VersionInfo Name="Locale">1033</VersionInfo>
                    <VersionInfo Name="CodePage">1252</VersionInfo>
                </VersionInfo>
                <VersionInfoKeys>
                    <VersionInfoKeys Name="CompanyName"/>
                    <VersionInfoKeys Name="FileDescription"/>
                    <VersionInfoKeys Name="FileVersion">1.0.0.0</VersionInfoKeys>
                    <VersionInfoKeys Name="InternalName"/>
                    <VersionInfoKeys Name="LegalCopyright"/>
                    <VersionInfoKeys Name="LegalTrademarks"/>
                    <VersionInfoKeys Name="OriginalFilename"/>
                    <VersionInfoKeys Name="ProductName"/>
                    <VersionInfoKeys Name="ProductVersion">1.0.0.0</VersionInfoKeys>
                    <VersionInfoKeys Name="Comments"/>
                </VersionInfoKeys>
                <Excluded_Packages>
                    <Excluded_Packages Name="$(BDSBIN)\dcloffice2k190.bpl">Microsoft Office 2000 Sample Automation Server Wrapper Components</Excluded_Packages>
                    <Excluded_Packages Name="$(BDSBIN)\dclofficexp190.bpl">Microsoft Office XP Sample Automation Server Wrapper Components</Excluded_Packages>
                    <Excluded_Packages Name="$(BDSBIN)\bcboffice2k190.bpl">Embarcadero C++Builder Office 2000 Servers Package</Excluded_Packages>
                    <Excluded_Packages Name="$(BDSBIN)\bcbofficexp190.bpl">Embarcadero C++Builder Office XP Servers Package</Excluded_Packages>
                </Excluded_Packages>
            </Delphi.Personality>
            <Platforms>
                <Platform value="Win32">True</Platform>
                <Platform value="Win64">False</Platform>
            </Platforms>
        </BorlandProject>
        <ProjectFileVersion>12</ProjectFileVersion>
    </ProjectExtensions>
</Project>

<!-- EurekaLog First Line
[Exception Log]
EurekaLog Version=7006
Activate=0
AutoCrashOperation=2
boHandleSafeCallExceptions=1
boUseMainModuleOptions=1
CompatibilityMode=1
csoAllowedRenderMethods=8
csoDisabledRenderMethods=-2
csoShowWindowsThreads=1
DeleteMapAfterCompile=1
Email Address=""
Email Object=""
Encrypt Password=""
Errors Number=32
Errors Terminate=3
Foreground Tab=0
Freeze Timeout=0
loCatchLeaks=0
loEnableMMDebugMode=0
loFreeAllLeaks=1
loHideRTLLeaks=0
loMaxLeaks=1024
loOnlyUnderIDE=0
loProcessesSection=1
Output Path=""
SMTP From="eurekalog@email.com"
SMTP Host=""
SMTP UserID=""
sndAddDateInFileName=0
sndScreenshot=3
sndShowSuccessMsg=0
soActCtlsControlClass=1
soActCtlsControlText=1
soActCtlsFormClass=1
soActCtlsFormText=1
soAppCompilationDate=1
soAppName=1
soAppParameters=1
soAppStartDate=1
soAppUpTime=1
soAppVersionNumber=1
soCmpDisplayDPI=1
soCmpDisplayMode=1
soCmpFreeDisk=1
soCmpFreeMemory=1
soCmpName=1
soCmpPrinter=1
soCmpProcessor=1
soCmpSysUpTime=1
soCmpTotalDisk=1
soCmpTotalMemory=1
soCmpVideoCard=1
soCustomData=1
soExcCount=1
soExcDate=1
soExcModuleName=1
soExcModuleVersion=1
soExcNote=1
soExcStatus=1
soNetDHCP=1
soNetDNS1=1
soNetDNS2=1
soNetGateway=1
soNetIP=1
soNetSubmask=1
soOSBuildN=1
soOSCharset=1
soOSLanguage=1
soOSType=1
soOSUpdate=1
soUserCompany=1
soUserID=1
soUserPrivileges=1
TextsCollection="English"
TrakerUser=""
WebPort=0
WebURL=""
EurekaLog Last Line -->
