<Project xmlns="http://schemas.microsoft.com/developer/msbuild/2003">
    <PropertyGroup>
        <ProjectGuid>{8A248F2B-99D9-48FA-91FA-F475027F16BA}</ProjectGuid>
        <ProjectVersion>15.4</ProjectVersion>
        <FrameworkType>FMX</FrameworkType>
        <MainSource>SetupEditPadForWebHub.dpr</MainSource>
        <Base>True</Base>
        <Config Condition="'$(Config)'==''">Release</Config>
        <Platform Condition="'$(Platform)'==''">Win32</Platform>
        <TargetedPlatforms>1</TargetedPlatforms>
        <AppType>Application</AppType>
    </PropertyGroup>
    <PropertyGroup Condition="'$(Config)'=='Base' or '$(Base)'!=''">
        <Base>true</Base>
    </PropertyGroup>
    <PropertyGroup Condition="('$(Platform)'=='OSX32' and '$(Base)'=='true') or '$(Base_OSX32)'!=''">
        <Base_OSX32>true</Base_OSX32>
        <CfgParent>Base</CfgParent>
        <Base>true</Base>
    </PropertyGroup>
    <PropertyGroup Condition="('$(Platform)'=='Win32' and '$(Base)'=='true') or '$(Base_Win32)'!=''">
        <Base_Win32>true</Base_Win32>
        <CfgParent>Base</CfgParent>
        <Base>true</Base>
    </PropertyGroup>
    <PropertyGroup Condition="('$(Platform)'=='Win64' and '$(Base)'=='true') or '$(Base_Win64)'!=''">
        <Base_Win64>true</Base_Win64>
        <CfgParent>Base</CfgParent>
        <Base>true</Base>
    </PropertyGroup>
    <PropertyGroup Condition="'$(Config)'=='Debug' or '$(Cfg_1)'!=''">
        <Cfg_1>true</Cfg_1>
        <CfgParent>Base</CfgParent>
        <Base>true</Base>
    </PropertyGroup>
    <PropertyGroup Condition="('$(Platform)'=='Win32' and '$(Cfg_1)'=='true') or '$(Cfg_1_Win32)'!=''">
        <Cfg_1_Win32>true</Cfg_1_Win32>
        <CfgParent>Cfg_1</CfgParent>
        <Cfg_1>true</Cfg_1>
        <Base>true</Base>
    </PropertyGroup>
    <PropertyGroup Condition="'$(Config)'=='Release' or '$(Cfg_2)'!=''">
        <Cfg_2>true</Cfg_2>
        <CfgParent>Base</CfgParent>
        <Base>true</Base>
    </PropertyGroup>
    <PropertyGroup Condition="('$(Platform)'=='Win32' and '$(Cfg_2)'=='true') or '$(Cfg_2_Win32)'!=''">
        <Cfg_2_Win32>true</Cfg_2_Win32>
        <CfgParent>Cfg_2</CfgParent>
        <Cfg_2>true</Cfg_2>
        <Base>true</Base>
    </PropertyGroup>
    <PropertyGroup Condition="'$(Base)'!=''">
        <Icon_MainIcon>$(BDS)\bin\delphi_PROJECTICON.ico</Icon_MainIcon>
        <Icns_MainIcns>$(BDS)\bin\delphi_PROJECTICNS.icns</Icns_MainIcns>
        <Manifest_File>$(BDS)\bin\default_app.manifest</Manifest_File>
        <VerInfo_Keys>CompanyName=;FileDescription=;FileVersion=1.0.0.0;InternalName=;LegalCopyright=;LegalTrademarks=;OriginalFilename=;ProductName=;ProductVersion=1.0.0.0;Comments=</VerInfo_Keys>
        <DCC_Namespace>System;Xml;Data;Datasnap;Web;Soap;FMX;$(DCC_Namespace)</DCC_Namespace>
        <VerInfo_Locale>1033</VerInfo_Locale>
        <SanitizedProjectName>SetupEditPadForWebHub</SanitizedProjectName>
        <DCC_Define>PREVENTSVCMGR;FMACTIVE;$(DCC_Define)</DCC_Define>
        <DCC_DcuOutput>..\..\..\TempBuild\dcu\$(Platform)\fmx</DCC_DcuOutput>
        <DCC_ExeOutput>..\..\..\TempBuild\bin\$(Platform)\$(Config)</DCC_ExeOutput>
        <DCC_E>false</DCC_E>
        <DCC_N>false</DCC_N>
        <DCC_S>false</DCC_S>
        <DCC_F>false</DCC_F>
        <DCC_K>false</DCC_K>
    </PropertyGroup>
    <PropertyGroup Condition="'$(Base_OSX32)'!=''">
        <DCC_UsePackage>FireDACSqliteDriver;FireDACDSDriver;DBXSqliteDriver;FireDACPgDriver;fmx;IndySystem;tethering;DBXInterBaseDriver;DataSnapClient;DataSnapServer;DataSnapCommon;DataSnapProviderClient;DbxCommonDriver;dbxcds;fmxFireDAC;DBXOracleDriver;CustomIPTransport;dsnap;IndyIPServer;fmxase;IndyCore;IndyIPCommon;CloudService;FmxTeeUI;FireDACIBDriver;DataSnapFireDAC;FireDACDBXDriver;soapserver;inetdbxpress;dsnapxml;FireDACInfxDriver;FireDACDb2Driver;FireDACASADriver;bindcompfmx;FireDACODBCDriver;RESTBackendComponents;rtl;dbrtl;DbxClientDriver;FireDACCommon;bindcomp;inetdb;xmlrtl;DataSnapNativeClient;ibxpress;IndyProtocols;DBXMySQLDriver;FireDACCommonDriver;bindcompdbx;bindengine;soaprtl;FMXTee;FireDACADSDriver;FireDACMSSQLDriver;FireDAC;DBXInformixDriver;DataSnapServerMidas;DBXFirebirdDriver;inet;fmxobj;FireDACMySQLDriver;soapmidas;DBXSybaseASADriver;FireDACOracleDriver;fmxdae;RESTComponents;FireDACMSAccDriver;dbexpress;DataSnapIndy10ServerTransport;IndyIPClient;$(DCC_UsePackage)</DCC_UsePackage>
    </PropertyGroup>
    <PropertyGroup Condition="'$(Base_Win32)'!=''">
        <Icns_MainIcns>$(BDS)\bin\delphi_PROJECTICNS.icns</Icns_MainIcns>
        <Icon_MainIcon>$(BDS)\bin\delphi_PROJECTICON.ico</Icon_MainIcon>
        <DCC_UsePackage>NexusDB400ts200;FireDACSqliteDriver;FireDACDSDriver;NexusDB400st200;DBXSqliteDriver;WebHubBDE;FireDACPgDriver;fmx;NexusDB400pt200;IndySystem;TeeDB;tethering;NexusDB400ll200;inetdbbde;vclib;DBXInterBaseDriver;DataSnapClient;DataSnapServer;DataSnapCommon;NexusDB400db200;WebHubDB;NexusDB400se200;DataSnapProviderClient;DBXSybaseASEDriver;DbxCommonDriver;vclimg;NexusDB400tn200;dbxcds;DatasnapConnectorsFreePascal;MetropolisUILiveTile;NexusDB400sd200;NexusDB400tm200;NexusDB400lg200;vcldb;vcldsnap;NexusDB400tw200;rbc40_m_pas_lib;NexusDB400mr200;fmxFireDAC;DBXDb2Driver;DBXOracleDriver;CustomIPTransport;NexusDB400re200;vclribbon;dsnap;IndyIPServer;fmxase;vcl;IndyCore;DBXMSSQLDriver;IndyIPCommon;CloudService;FmxTeeUI;FireDACIBDriver;CodeSiteExpressPkg;DataSnapFireDAC;FireDACDBXDriver;soapserver;inetdbxpress;NexusDB400iv200;NexusDB400sscr200;dsnapxml;FireDACInfxDriver;FireDACDb2Driver;NexusDB400rp200;adortl;ldiRegExLib;FireDACASADriver;WebHub;bindcompfmx;vcldbx;FireDACODBCDriver;RESTBackendComponents;NexusDB400rb200;rtl;dbrtl;DbxClientDriver;FireDACCommon;bindcomp;inetdb;NexusDB400psd200;NexusDB400tc200;Tee;NexusDB400psi200;DBXOdbcDriver;NexusDB400ch200;vclFireDAC;rbc40_s_pas_lib;rbc40_b_pas_lib;xmlrtl;DataSnapNativeClient;svnui;ibxpress;NexusDB400sq200;IndyProtocols;DBXMySQLDriver;NexusDB400sr200;FireDACCommonDriver;bindcompdbx;bindengine;vclactnband;soaprtl;FMXTee;TeeUI;bindcompvcl;rbc40_k_pas_lib;vclie;NexusDB400si200;FireDACADSDriver;vcltouch;NexusDB400rd200;NexusDB400scr200;ZaphodsMapLib;VclSmp;FireDACMSSQLDriver;FireDAC;DBXInformixDriver;VCLRESTComponents;rbc40_e_pas_lib;DataSnapConnectors;DataSnapServerMidas;dsnapcon;DBXFirebirdDriver;inet;fmxobj;FireDACMySQLDriver;soapmidas;vclx;NexusDB400rc200;svn;DBXSybaseASADriver;FireDACOracleDriver;fmxdae;RESTComponents;WebHubNewAppIDWizard;NexusDB400pv200;bdertl;rbc40_core_pas_lib;FireDACMSAccDriver;dbexpress;DataSnapIndy10ServerTransport;IndyIPClient;$(DCC_UsePackage)</DCC_UsePackage>
        <DCC_Namespace>Winapi;System.Win;Data.Win;Datasnap.Win;Web.Win;Soap.Win;Xml.Win;Bde;$(DCC_Namespace)</DCC_Namespace>
        <VerInfo_IncludeVerInfo>true</VerInfo_IncludeVerInfo>
    </PropertyGroup>
    <PropertyGroup Condition="'$(Base_Win64)'!=''">
        <DCC_UsePackage>NexusDB400ts200;FireDACSqliteDriver;FireDACDSDriver;NexusDB400st200;DBXSqliteDriver;FireDACPgDriver;fmx;NexusDB400pt200;IndySystem;TeeDB;tethering;NexusDB400ll200;vclib;DBXInterBaseDriver;DataSnapClient;DataSnapServer;DataSnapCommon;NexusDB400db200;NexusDB400se200;DataSnapProviderClient;DBXSybaseASEDriver;DbxCommonDriver;vclimg;NexusDB400tn200;dbxcds;DatasnapConnectorsFreePascal;MetropolisUILiveTile;NexusDB400sd200;NexusDB400tm200;NexusDB400lg200;vcldb;vcldsnap;NexusDB400tw200;NexusDB400mr200;fmxFireDAC;DBXDb2Driver;DBXOracleDriver;CustomIPTransport;NexusDB400re200;vclribbon;dsnap;IndyIPServer;fmxase;vcl;IndyCore;DBXMSSQLDriver;IndyIPCommon;CloudService;FmxTeeUI;FireDACIBDriver;DataSnapFireDAC;FireDACDBXDriver;soapserver;inetdbxpress;NexusDB400iv200;NexusDB400sscr200;dsnapxml;FireDACInfxDriver;FireDACDb2Driver;NexusDB400rp200;adortl;FireDACASADriver;bindcompfmx;FireDACODBCDriver;RESTBackendComponents;NexusDB400rb200;rtl;dbrtl;DbxClientDriver;FireDACCommon;bindcomp;inetdb;NexusDB400psd200;NexusDB400tc200;Tee;NexusDB400psi200;DBXOdbcDriver;NexusDB400ch200;vclFireDAC;xmlrtl;DataSnapNativeClient;ibxpress;NexusDB400sq200;IndyProtocols;DBXMySQLDriver;NexusDB400sr200;FireDACCommonDriver;bindcompdbx;bindengine;vclactnband;soaprtl;FMXTee;TeeUI;bindcompvcl;vclie;NexusDB400si200;FireDACADSDriver;vcltouch;NexusDB400rd200;NexusDB400scr200;VclSmp;FireDACMSSQLDriver;FireDAC;DBXInformixDriver;VCLRESTComponents;DataSnapConnectors;DataSnapServerMidas;dsnapcon;DBXFirebirdDriver;inet;fmxobj;FireDACMySQLDriver;soapmidas;vclx;NexusDB400rc200;DBXSybaseASADriver;FireDACOracleDriver;fmxdae;RESTComponents;NexusDB400pv200;FireDACMSAccDriver;dbexpress;DataSnapIndy10ServerTransport;IndyIPClient;$(DCC_UsePackage)</DCC_UsePackage>
    </PropertyGroup>
    <PropertyGroup Condition="'$(Cfg_1)'!=''">
        <DCC_Define>DEBUG;$(DCC_Define)</DCC_Define>
        <DCC_DebugDCUs>true</DCC_DebugDCUs>
        <DCC_Optimize>false</DCC_Optimize>
        <DCC_GenerateStackFrames>true</DCC_GenerateStackFrames>
        <DCC_DebugInfoInExe>true</DCC_DebugInfoInExe>
        <DCC_RemoteDebug>true</DCC_RemoteDebug>
    </PropertyGroup>
    <PropertyGroup Condition="'$(Cfg_1_Win32)'!=''">
        <VerInfo_Locale>1033</VerInfo_Locale>
        <VerInfo_IncludeVerInfo>true</VerInfo_IncludeVerInfo>
        <DCC_RemoteDebug>false</DCC_RemoteDebug>
    </PropertyGroup>
    <PropertyGroup Condition="'$(Cfg_2)'!=''">
        <DCC_LocalDebugSymbols>false</DCC_LocalDebugSymbols>
        <DCC_Define>RELEASE;$(DCC_Define)</DCC_Define>
        <DCC_SymbolReferenceInfo>0</DCC_SymbolReferenceInfo>
        <DCC_DebugInformation>0</DCC_DebugInformation>
    </PropertyGroup>
    <PropertyGroup Condition="'$(Cfg_2_Win32)'!=''">
        <VerInfo_Build>3</VerInfo_Build>
        <VerInfo_AutoIncVersion>true</VerInfo_AutoIncVersion>
        <VerInfo_Keys>CompanyName=HREF Tools Corp.;FileDescription=Customize new EditPad installation for use with WebHub;FileVersion=1.0.0.3;InternalName=;LegalCopyright=;LegalTrademarks=;OriginalFilename=;ProductName=;ProductVersion=1.0.0.0;Comments=</VerInfo_Keys>
        <VerInfo_IncludeVerInfo>true</VerInfo_IncludeVerInfo>
    </PropertyGroup>
    <ItemGroup>
        <DelphiCompile Include="$(MainSource)">
            <MainSource>MainSource</MainSource>
        </DelphiCompile>
        <DCCReference Include="k:\webhub\tpack\ucCodeSiteInterface.pas"/>
        <DCCReference Include="k:\webhub\tpack\ucString.pas"/>
        <DCCReference Include="SetupEditPadForWebHub_fmMain.pas">
            <Form>Form2</Form>
        </DCCReference>
        <DCCReference Include="SetupEditPadForWebHub_uDownload.pas"/>
        <DCCReference Include="SetupEditPadForWebHub_uColors.pas"/>
        <DCCReference Include="SetupEditPadForWebHub_uPaths.pas"/>
        <RcItem Include="..\WebHub_Syntax0214.jgcscs">
            <ContainerId>ResourceItem</ContainerId>
            <ResourceType>RCDATA</ResourceType>
            <ResourceId>Resource_JGCSCS</ResourceId>
        </RcItem>
        <RcItem Include="..\WebHub-FileNavigation.jgfns">
            <ContainerId>ResourceItem</ContainerId>
            <ResourceType>RCDATA</ResourceType>
            <ResourceId>Resource_JGFNS</ResourceId>
        </RcItem>
        <RcItem Include="..\EditPad_Colors_Backup.ini">
            <ContainerId>ResourceItem</ContainerId>
            <ResourceType>RCDATA</ResourceType>
            <ResourceId>Resource_Colors_Ini</ResourceId>
        </RcItem>
        <BuildConfiguration Include="Release">
            <Key>Cfg_2</Key>
            <CfgParent>Base</CfgParent>
        </BuildConfiguration>
        <BuildConfiguration Include="Base">
            <Key>Base</Key>
        </BuildConfiguration>
        <BuildConfiguration Include="Debug">
            <Key>Cfg_1</Key>
            <CfgParent>Base</CfgParent>
        </BuildConfiguration>
    </ItemGroup>
    <ProjectExtensions>
        <Borland.Personality>Delphi.Personality.12</Borland.Personality>
        <Borland.ProjectType/>
        <BorlandProject>
            <Delphi.Personality>
                <Excluded_Packages>
                    <Excluded_Packages Name="$(BDSBIN)\EurekaLogExpert.bpl">EurekaLog Expert</Excluded_Packages>
                    <Excluded_Packages Name="$(BDSBIN)\dcloffice2k200.bpl">Microsoft Office 2000 Sample Automation Server Wrapper Components</Excluded_Packages>
                    <Excluded_Packages Name="$(BDSBIN)\dclofficexp200.bpl">Microsoft Office XP Sample Automation Server Wrapper Components</Excluded_Packages>
                </Excluded_Packages>
                <Source>
                    <Source Name="MainSource">SetupEditPadForWebHub.dpr</Source>
                </Source>
            </Delphi.Personality>
            <Deployment/>
            <Platforms>
                <Platform value="OSX32">False</Platform>
                <Platform value="Win32">True</Platform>
                <Platform value="Win64">False</Platform>
            </Platforms>
        </BorlandProject>
        <ProjectFileVersion>12</ProjectFileVersion>
    </ProjectExtensions>
    <Import Project="$(BDS)\Bin\CodeGear.Delphi.Targets" Condition="Exists('$(BDS)\Bin\CodeGear.Delphi.Targets')"/>
    <Import Project="$(APPDATA)\Embarcadero\$(BDSAPPDATABASEDIR)\$(PRODUCTVERSION)\UserTools.proj" Condition="Exists('$(APPDATA)\Embarcadero\$(BDSAPPDATABASEDIR)\$(PRODUCTVERSION)\UserTools.proj')"/>
</Project>
